
Microsoft Visual Studio Solution File, Format Version 12.00
# Visual Studio 2012
Project("{FAE04EC0-301F-11D3-BF4B-00C04F79EFBC}") = "Automatonymous", "Automatonymous\Automatonymous.csproj", "{FD8F92EB-5818-4C59-8859-19D3A74F979B}"
EndProject
Project("{FAE04EC0-301F-11D3-BF4B-00C04F79EFBC}") = "Automatonymous.Tests", "Automatonymous.Tests\Automatonymous.Tests.csproj", "{ED26D6B3-73D8-433C-867A-AAB4D7F687DC}"
EndProject
Project("{FAE04EC0-301F-11D3-BF4B-00C04F79EFBC}") = "Automatonymous.Visualizer", "Automatonymous.Visualizer\Automatonymous.Visualizer.csproj", "{CD346A24-EEBB-493C-AAC0-E9896340B66A}"
EndProject
Project("{2150E333-8FDC-42A3-9474-1A3956D46DE8}") = "MassTransit", "MassTransit", "{B4965117-C0CF-4B58-BDBB-42C34996D321}"
EndProject
Project("{FAE04EC0-301F-11D3-BF4B-00C04F79EFBC}") = "Automatonymous.MassTransitIntegration", "MassTransit\Automatonymous.MassTransitIntegration\Automatonymous.MassTransitIntegration.csproj", "{A852511B-2742-4F4D-BD4E-ADDDBF3BD4B3}"
EndProject
Project("{FAE04EC0-301F-11D3-BF4B-00C04F79EFBC}") = "MassTransit.AutomatonymousTests", "MassTransit\MassTransit.AutomatonymousTests\MassTransit.AutomatonymousTests.csproj", "{1DAB3D46-3386-48F8-8381-2F5B678D1DB6}"
EndProject
Project("{FAE04EC0-301F-11D3-BF4B-00C04F79EFBC}") = "SampleApp", "SampleApp\SampleApp.csproj", "{873F772E-31A3-42DA-AA54-C2DA547F6491}"
EndProject
Project("{FAE04EC0-301F-11D3-BF4B-00C04F79EFBC}") = "Automatonymous-NetCore45", "Automatonymous\Automatonymous-NetCore45.csproj", "{16AD746E-0996-4A4C-8219-3D18EEFE91C3}"
EndProject
Project("{FAE04EC0-301F-11D3-BF4B-00C04F79EFBC}") = "Automatonymous.Tests-NetCore45", "Automatonymous.Tests\Automatonymous.Tests-NetCore45.csproj", "{E8C9E7ED-AB5E-4236-A08B-EDA9A4E8953B}"
EndProject
Project("{2150E333-8FDC-42A3-9474-1A3956D46DE8}") = "RegularDotNet", "RegularDotNet", "{C48D6A19-8486-4844-86B2-7A433C674A4C}"
EndProject
Project("{2150E333-8FDC-42A3-9474-1A3956D46DE8}") = "NewDotNet", "NewDotNet", "{6ACF51C0-548E-426D-87B6-C19C0568274C}"
EndProject
Global
	GlobalSection(SolutionConfigurationPlatforms) = preSolution
		Debug|Any CPU = Debug|Any CPU
		Debug|ARM = Debug|ARM
		Debug|x64 = Debug|x64
		Debug|x86 = Debug|x86
		Release|Any CPU = Release|Any CPU
		Release|ARM = Release|ARM
		Release|x64 = Release|x64
		Release|x86 = Release|x86
	EndGlobalSection
	GlobalSection(ProjectConfigurationPlatforms) = postSolution
		{FD8F92EB-5818-4C59-8859-19D3A74F979B}.Debug|Any CPU.ActiveCfg = Debug|Any CPU
		{FD8F92EB-5818-4C59-8859-19D3A74F979B}.Debug|Any CPU.Build.0 = Debug|Any CPU
		{FD8F92EB-5818-4C59-8859-19D3A74F979B}.Debug|ARM.ActiveCfg = Debug|Any CPU
		{FD8F92EB-5818-4C59-8859-19D3A74F979B}.Debug|x64.ActiveCfg = Debug|Any CPU
		{FD8F92EB-5818-4C59-8859-19D3A74F979B}.Debug|x86.ActiveCfg = Debug|Any CPU
		{FD8F92EB-5818-4C59-8859-19D3A74F979B}.Release|Any CPU.ActiveCfg = Release|Any CPU
		{FD8F92EB-5818-4C59-8859-19D3A74F979B}.Release|Any CPU.Build.0 = Release|Any CPU
		{FD8F92EB-5818-4C59-8859-19D3A74F979B}.Release|ARM.ActiveCfg = Release|Any CPU
		{FD8F92EB-5818-4C59-8859-19D3A74F979B}.Release|x64.ActiveCfg = Release|Any CPU
		{FD8F92EB-5818-4C59-8859-19D3A74F979B}.Release|x86.ActiveCfg = Release|Any CPU
		{ED26D6B3-73D8-433C-867A-AAB4D7F687DC}.Debug|Any CPU.ActiveCfg = Debug|Any CPU
		{ED26D6B3-73D8-433C-867A-AAB4D7F687DC}.Debug|Any CPU.Build.0 = Debug|Any CPU
		{ED26D6B3-73D8-433C-867A-AAB4D7F687DC}.Debug|ARM.ActiveCfg = Debug|Any CPU
		{ED26D6B3-73D8-433C-867A-AAB4D7F687DC}.Debug|x64.ActiveCfg = Debug|Any CPU
		{ED26D6B3-73D8-433C-867A-AAB4D7F687DC}.Debug|x86.ActiveCfg = Debug|Any CPU
		{ED26D6B3-73D8-433C-867A-AAB4D7F687DC}.Release|Any CPU.ActiveCfg = Release|Any CPU
		{ED26D6B3-73D8-433C-867A-AAB4D7F687DC}.Release|Any CPU.Build.0 = Release|Any CPU
		{ED26D6B3-73D8-433C-867A-AAB4D7F687DC}.Release|ARM.ActiveCfg = Release|Any CPU
		{ED26D6B3-73D8-433C-867A-AAB4D7F687DC}.Release|x64.ActiveCfg = Release|Any CPU
		{ED26D6B3-73D8-433C-867A-AAB4D7F687DC}.Release|x86.ActiveCfg = Release|Any CPU
		{CD346A24-EEBB-493C-AAC0-E9896340B66A}.Debug|Any CPU.ActiveCfg = Debug|Any CPU
		{CD346A24-EEBB-493C-AAC0-E9896340B66A}.Debug|Any CPU.Build.0 = Debug|Any CPU
		{CD346A24-EEBB-493C-AAC0-E9896340B66A}.Debug|ARM.ActiveCfg = Debug|Any CPU
		{CD346A24-EEBB-493C-AAC0-E9896340B66A}.Debug|x64.ActiveCfg = Debug|Any CPU
		{CD346A24-EEBB-493C-AAC0-E9896340B66A}.Debug|x86.ActiveCfg = Debug|Any CPU
		{CD346A24-EEBB-493C-AAC0-E9896340B66A}.Release|Any CPU.ActiveCfg = Release|Any CPU
		{CD346A24-EEBB-493C-AAC0-E9896340B66A}.Release|Any CPU.Build.0 = Release|Any CPU
		{CD346A24-EEBB-493C-AAC0-E9896340B66A}.Release|ARM.ActiveCfg = Release|Any CPU
		{CD346A24-EEBB-493C-AAC0-E9896340B66A}.Release|x64.ActiveCfg = Release|Any CPU
		{CD346A24-EEBB-493C-AAC0-E9896340B66A}.Release|x86.ActiveCfg = Release|Any CPU
		{A852511B-2742-4F4D-BD4E-ADDDBF3BD4B3}.Debug|Any CPU.ActiveCfg = Debug|Any CPU
		{A852511B-2742-4F4D-BD4E-ADDDBF3BD4B3}.Debug|Any CPU.Build.0 = Debug|Any CPU
		{A852511B-2742-4F4D-BD4E-ADDDBF3BD4B3}.Debug|ARM.ActiveCfg = Debug|Any CPU
		{A852511B-2742-4F4D-BD4E-ADDDBF3BD4B3}.Debug|x64.ActiveCfg = Debug|Any CPU
		{A852511B-2742-4F4D-BD4E-ADDDBF3BD4B3}.Debug|x86.ActiveCfg = Debug|Any CPU
		{A852511B-2742-4F4D-BD4E-ADDDBF3BD4B3}.Release|Any CPU.ActiveCfg = Release|Any CPU
		{A852511B-2742-4F4D-BD4E-ADDDBF3BD4B3}.Release|Any CPU.Build.0 = Release|Any CPU
		{A852511B-2742-4F4D-BD4E-ADDDBF3BD4B3}.Release|ARM.ActiveCfg = Release|Any CPU
		{A852511B-2742-4F4D-BD4E-ADDDBF3BD4B3}.Release|x64.ActiveCfg = Release|Any CPU
		{A852511B-2742-4F4D-BD4E-ADDDBF3BD4B3}.Release|x86.ActiveCfg = Release|Any CPU
		{1DAB3D46-3386-48F8-8381-2F5B678D1DB6}.Debug|Any CPU.ActiveCfg = Debug|Any CPU
		{1DAB3D46-3386-48F8-8381-2F5B678D1DB6}.Debug|Any CPU.Build.0 = Debug|Any CPU
		{1DAB3D46-3386-48F8-8381-2F5B678D1DB6}.Debug|ARM.ActiveCfg = Debug|Any CPU
		{1DAB3D46-3386-48F8-8381-2F5B678D1DB6}.Debug|x64.ActiveCfg = Debug|Any CPU
		{1DAB3D46-3386-48F8-8381-2F5B678D1DB6}.Debug|x86.ActiveCfg = Debug|Any CPU
		{1DAB3D46-3386-48F8-8381-2F5B678D1DB6}.Release|Any CPU.ActiveCfg = Release|Any CPU
		{1DAB3D46-3386-48F8-8381-2F5B678D1DB6}.Release|Any CPU.Build.0 = Release|Any CPU
		{1DAB3D46-3386-48F8-8381-2F5B678D1DB6}.Release|ARM.ActiveCfg = Release|Any CPU
		{1DAB3D46-3386-48F8-8381-2F5B678D1DB6}.Release|x64.ActiveCfg = Release|Any CPU
		{1DAB3D46-3386-48F8-8381-2F5B678D1DB6}.Release|x86.ActiveCfg = Release|Any CPU
		{873F772E-31A3-42DA-AA54-C2DA547F6491}.Debug|Any CPU.ActiveCfg = Debug|Any CPU
		{873F772E-31A3-42DA-AA54-C2DA547F6491}.Debug|Any CPU.Build.0 = Debug|Any CPU
		{873F772E-31A3-42DA-AA54-C2DA547F6491}.Debug|Any CPU.Deploy.0 = Debug|Any CPU
		{873F772E-31A3-42DA-AA54-C2DA547F6491}.Debug|ARM.ActiveCfg = Debug|ARM
		{873F772E-31A3-42DA-AA54-C2DA547F6491}.Debug|ARM.Build.0 = Debug|ARM
		{873F772E-31A3-42DA-AA54-C2DA547F6491}.Debug|ARM.Deploy.0 = Debug|ARM
		{873F772E-31A3-42DA-AA54-C2DA547F6491}.Debug|x64.ActiveCfg = Debug|x64
		{873F772E-31A3-42DA-AA54-C2DA547F6491}.Debug|x64.Build.0 = Debug|x64
		{873F772E-31A3-42DA-AA54-C2DA547F6491}.Debug|x64.Deploy.0 = Debug|x64
		{873F772E-31A3-42DA-AA54-C2DA547F6491}.Debug|x86.ActiveCfg = Debug|x86
		{873F772E-31A3-42DA-AA54-C2DA547F6491}.Debug|x86.Build.0 = Debug|x86
		{873F772E-31A3-42DA-AA54-C2DA547F6491}.Debug|x86.Deploy.0 = Debug|x86
		{873F772E-31A3-42DA-AA54-C2DA547F6491}.Release|Any CPU.ActiveCfg = Release|Any CPU
		{873F772E-31A3-42DA-AA54-C2DA547F6491}.Release|Any CPU.Build.0 = Release|Any CPU
		{873F772E-31A3-42DA-AA54-C2DA547F6491}.Release|Any CPU.Deploy.0 = Release|Any CPU
		{873F772E-31A3-42DA-AA54-C2DA547F6491}.Release|ARM.ActiveCfg = Release|ARM
		{873F772E-31A3-42DA-AA54-C2DA547F6491}.Release|ARM.Build.0 = Release|ARM
		{873F772E-31A3-42DA-AA54-C2DA547F6491}.Release|ARM.Deploy.0 = Release|ARM
		{873F772E-31A3-42DA-AA54-C2DA547F6491}.Release|x64.ActiveCfg = Release|x64
		{873F772E-31A3-42DA-AA54-C2DA547F6491}.Release|x64.Build.0 = Release|x64
		{873F772E-31A3-42DA-AA54-C2DA547F6491}.Release|x64.Deploy.0 = Release|x64
		{873F772E-31A3-42DA-AA54-C2DA547F6491}.Release|x86.ActiveCfg = Release|x86
		{873F772E-31A3-42DA-AA54-C2DA547F6491}.Release|x86.Build.0 = Release|x86
		{873F772E-31A3-42DA-AA54-C2DA547F6491}.Release|x86.Deploy.0 = Release|x86
		{16AD746E-0996-4A4C-8219-3D18EEFE91C3}.Debug|Any CPU.ActiveCfg = Debug|Any CPU
		{16AD746E-0996-4A4C-8219-3D18EEFE91C3}.Debug|Any CPU.Build.0 = Debug|Any CPU
		{16AD746E-0996-4A4C-8219-3D18EEFE91C3}.Debug|ARM.ActiveCfg = Debug|ARM
		{16AD746E-0996-4A4C-8219-3D18EEFE91C3}.Debug|ARM.Build.0 = Debug|ARM
		{16AD746E-0996-4A4C-8219-3D18EEFE91C3}.Debug|x64.ActiveCfg = Debug|x64
		{16AD746E-0996-4A4C-8219-3D18EEFE91C3}.Debug|x64.Build.0 = Debug|x64
		{16AD746E-0996-4A4C-8219-3D18EEFE91C3}.Debug|x86.ActiveCfg = Debug|x86
		{16AD746E-0996-4A4C-8219-3D18EEFE91C3}.Debug|x86.Build.0 = Debug|x86
		{16AD746E-0996-4A4C-8219-3D18EEFE91C3}.Release|Any CPU.ActiveCfg = Release|Any CPU
		{16AD746E-0996-4A4C-8219-3D18EEFE91C3}.Release|Any CPU.Build.0 = Release|Any CPU
		{16AD746E-0996-4A4C-8219-3D18EEFE91C3}.Release|ARM.ActiveCfg = Release|ARM
		{16AD746E-0996-4A4C-8219-3D18EEFE91C3}.Release|ARM.Build.0 = Release|ARM
		{16AD746E-0996-4A4C-8219-3D18EEFE91C3}.Release|x64.ActiveCfg = Release|x64
		{16AD746E-0996-4A4C-8219-3D18EEFE91C3}.Release|x64.Build.0 = Release|x64
		{16AD746E-0996-4A4C-8219-3D18EEFE91C3}.Release|x86.ActiveCfg = Release|x86
		{16AD746E-0996-4A4C-8219-3D18EEFE91C3}.Release|x86.Build.0 = Release|x86
		{E8C9E7ED-AB5E-4236-A08B-EDA9A4E8953B}.Debug|Any CPU.ActiveCfg = Debug|Any CPU
		{E8C9E7ED-AB5E-4236-A08B-EDA9A4E8953B}.Debug|Any CPU.Build.0 = Debug|Any CPU
		{E8C9E7ED-AB5E-4236-A08B-EDA9A4E8953B}.Debug|Any CPU.Deploy.0 = Debug|Any CPU
		{E8C9E7ED-AB5E-4236-A08B-EDA9A4E8953B}.Debug|ARM.ActiveCfg = Debug|ARM
		{E8C9E7ED-AB5E-4236-A08B-EDA9A4E8953B}.Debug|ARM.Build.0 = Debug|ARM
		{E8C9E7ED-AB5E-4236-A08B-EDA9A4E8953B}.Debug|ARM.Deploy.0 = Debug|ARM
		{E8C9E7ED-AB5E-4236-A08B-EDA9A4E8953B}.Debug|x64.ActiveCfg = Debug|x64
		{E8C9E7ED-AB5E-4236-A08B-EDA9A4E8953B}.Debug|x64.Build.0 = Debug|x64
		{E8C9E7ED-AB5E-4236-A08B-EDA9A4E8953B}.Debug|x64.Deploy.0 = Debug|x64
		{E8C9E7ED-AB5E-4236-A08B-EDA9A4E8953B}.Debug|x86.ActiveCfg = Debug|x86
		{E8C9E7ED-AB5E-4236-A08B-EDA9A4E8953B}.Debug|x86.Build.0 = Debug|x86
		{E8C9E7ED-AB5E-4236-A08B-EDA9A4E8953B}.Debug|x86.Deploy.0 = Debug|x86
		{E8C9E7ED-AB5E-4236-A08B-EDA9A4E8953B}.Release|Any CPU.ActiveCfg = Release|Any CPU
		{E8C9E7ED-AB5E-4236-A08B-EDA9A4E8953B}.Release|Any CPU.Build.0 = Release|Any CPU
		{E8C9E7ED-AB5E-4236-A08B-EDA9A4E8953B}.Release|Any CPU.Deploy.0 = Release|Any CPU
		{E8C9E7ED-AB5E-4236-A08B-EDA9A4E8953B}.Release|ARM.ActiveCfg = Release|ARM
		{E8C9E7ED-AB5E-4236-A08B-EDA9A4E8953B}.Release|ARM.Build.0 = Release|ARM
		{E8C9E7ED-AB5E-4236-A08B-EDA9A4E8953B}.Release|ARM.Deploy.0 = Release|ARM
		{E8C9E7ED-AB5E-4236-A08B-EDA9A4E8953B}.Release|x64.ActiveCfg = Release|x64
		{E8C9E7ED-AB5E-4236-A08B-EDA9A4E8953B}.Release|x64.Build.0 = Release|x64
		{E8C9E7ED-AB5E-4236-A08B-EDA9A4E8953B}.Release|x64.Deploy.0 = Release|x64
		{E8C9E7ED-AB5E-4236-A08B-EDA9A4E8953B}.Release|x86.ActiveCfg = Release|x86
		{E8C9E7ED-AB5E-4236-A08B-EDA9A4E8953B}.Release|x86.Build.0 = Release|x86
		{E8C9E7ED-AB5E-4236-A08B-EDA9A4E8953B}.Release|x86.Deploy.0 = Release|x86
	EndGlobalSection
	GlobalSection(SolutionProperties) = preSolution
		HideSolutionNode = FALSE
	EndGlobalSection
	GlobalSection(NestedProjects) = preSolution
		{A852511B-2742-4F4D-BD4E-ADDDBF3BD4B3} = {B4965117-C0CF-4B58-BDBB-42C34996D321}
		{1DAB3D46-3386-48F8-8381-2F5B678D1DB6} = {B4965117-C0CF-4B58-BDBB-42C34996D321}
		{FD8F92EB-5818-4C59-8859-19D3A74F979B} = {C48D6A19-8486-4844-86B2-7A433C674A4C}
		{ED26D6B3-73D8-433C-867A-AAB4D7F687DC} = {C48D6A19-8486-4844-86B2-7A433C674A4C}
		{CD346A24-EEBB-493C-AAC0-E9896340B66A} = {C48D6A19-8486-4844-86B2-7A433C674A4C}
		{16AD746E-0996-4A4C-8219-3D18EEFE91C3} = {6ACF51C0-548E-426D-87B6-C19C0568274C}
		{E8C9E7ED-AB5E-4236-A08B-EDA9A4E8953B} = {6ACF51C0-548E-426D-87B6-C19C0568274C}
		{873F772E-31A3-42DA-AA54-C2DA547F6491} = {6ACF51C0-548E-426D-87B6-C19C0568274C}
	EndGlobalSection
EndGlobal
